
Microsoft Visual Studio Solution File, Format Version 12.00
# Visual Studio Version 16
VisualStudioVersion = 16.0.31229.75
MinimumVisualStudioVersion = 10.0.40219.1
Project("{2150E333-8FDC-42A3-9474-1A3956D46DE8}") = "src", "src", "{3EB2A9C8-806D-4FB7-B606-A18A185ACE2B}"
EndProject
Project("{2150E333-8FDC-42A3-9474-1A3956D46DE8}") = "services", "services", "{8730CC0F-9CAE-4D08-A6C9-DCAA87C51D37}"
EndProject
Project("{2150E333-8FDC-42A3-9474-1A3956D46DE8}") = "apps", "apps", "{26F33F38-CE6B-4048-9EF2-60D4F285D544}"
EndProject
Project("{2150E333-8FDC-42A3-9474-1A3956D46DE8}") = "Dynamo.Server", "Dynamo.Server", "{36045528-32D5-4E54-B2E9-1F8AA2ACC216}"
EndProject
Project("{2150E333-8FDC-42A3-9474-1A3956D46DE8}") = "Dynamo.Browser", "Dynamo.Browser", "{C676579A-EFC3-412D-B8F2-AB432CAC6138}"
EndProject
Project("{9A19103F-16F7-4668-BE54-9A1E7A4F7556}") = "Dynamo.Browser", "src\apps\Dynamo.Browser\Dynamo.Browser.csproj", "{EE04F997-6A7F-41FE-8DB7-ED0ACF4AF7AD}"
EndProject
Project("{2150E333-8FDC-42A3-9474-1A3956D46DE8}") = "blocks", "blocks", "{1353A3E4-4349-4E63-93B1-A5BF1CED1F37}"
EndProject
Project("{9A19103F-16F7-4668-BE54-9A1E7A4F7556}") = "Dynamo.Server", "src\services\Dynamo.Server\Dynamo.Server.csproj", "{0979C4C4-CF1D-433D-B629-52A1477DF216}"
EndProject
Project("{2150E333-8FDC-42A3-9474-1A3956D46DE8}") = "Dynamo.Contracts", "Dynamo.Contracts", "{252E8B08-4037-4E3B-8BBF-92D3D3A2756B}"
EndProject
Project("{9A19103F-16F7-4668-BE54-9A1E7A4F7556}") = "Dynamo.Contracts", "src\blocks\Dynamo.Contracts\Dynamo.Contracts.csproj", "{3A963D64-D57A-4EAE-B276-BFC4086FBE61}"
EndProject
Project("{2150E333-8FDC-42A3-9474-1A3956D46DE8}") = "Dynamo.Features", "Dynamo.Features", "{04734FA6-8447-4700-A3B1-C8BE8A483547}"
EndProject
Project("{9A19103F-16F7-4668-BE54-9A1E7A4F7556}") = "Dynamo.Features", "src\blocks\Dynamo.Features\Dynamo.Features.csproj", "{AA8CE5CF-98C5-4912-AC0C-1657DCA8558B}"
EndProject
Project("{2150E333-8FDC-42A3-9474-1A3956D46DE8}") = "Dynamo.Models", "Dynamo.Models", "{896B6BF9-1CF3-48B0-8736-692EE76F3857}"
EndProject
Project("{FAE04EC0-301F-11D3-BF4B-00C04F79EFBC}") = "Dynamo.Models", "src\blocks\Dynamo.Models\Dynamo.Models.csproj", "{FDC027EE-2B18-4C7C-A097-9E87D375E118}"
EndProject
Global
	GlobalSection(SolutionConfigurationPlatforms) = preSolution
		Debug|Any CPU = Debug|Any CPU
		Release|Any CPU = Release|Any CPU
	EndGlobalSection
	GlobalSection(ProjectConfigurationPlatforms) = postSolution
		{EE04F997-6A7F-41FE-8DB7-ED0ACF4AF7AD}.Debug|Any CPU.ActiveCfg = Debug|Any CPU
		{EE04F997-6A7F-41FE-8DB7-ED0ACF4AF7AD}.Debug|Any CPU.Build.0 = Debug|Any CPU
		{EE04F997-6A7F-41FE-8DB7-ED0ACF4AF7AD}.Release|Any CPU.ActiveCfg = Release|Any CPU
		{EE04F997-6A7F-41FE-8DB7-ED0ACF4AF7AD}.Release|Any CPU.Build.0 = Release|Any CPU
		{0979C4C4-CF1D-433D-B629-52A1477DF216}.Debug|Any CPU.ActiveCfg = Debug|Any CPU
		{0979C4C4-CF1D-433D-B629-52A1477DF216}.Debug|Any CPU.Build.0 = Debug|Any CPU
		{0979C4C4-CF1D-433D-B629-52A1477DF216}.Release|Any CPU.ActiveCfg = Release|Any CPU
		{0979C4C4-CF1D-433D-B629-52A1477DF216}.Release|Any CPU.Build.0 = Release|Any CPU
		{3A963D64-D57A-4EAE-B276-BFC4086FBE61}.Debug|Any CPU.ActiveCfg = Debug|Any CPU
		{3A963D64-D57A-4EAE-B276-BFC4086FBE61}.Debug|Any CPU.Build.0 = Debug|Any CPU
		{3A963D64-D57A-4EAE-B276-BFC4086FBE61}.Release|Any CPU.ActiveCfg = Release|Any CPU
		{3A963D64-D57A-4EAE-B276-BFC4086FBE61}.Release|Any CPU.Build.0 = Release|Any CPU
		{AA8CE5CF-98C5-4912-AC0C-1657DCA8558B}.Debug|Any CPU.ActiveCfg = Debug|Any CPU
		{AA8CE5CF-98C5-4912-AC0C-1657DCA8558B}.Debug|Any CPU.Build.0 = Debug|Any CPU
		{AA8CE5CF-98C5-4912-AC0C-1657DCA8558B}.Release|Any CPU.ActiveCfg = Release|Any CPU
		{AA8CE5CF-98C5-4912-AC0C-1657DCA8558B}.Release|Any CPU.Build.0 = Release|Any CPU
		{FDC027EE-2B18-4C7C-A097-9E87D375E118}.Debug|Any CPU.ActiveCfg = Debug|Any CPU
		{FDC027EE-2B18-4C7C-A097-9E87D375E118}.Debug|Any CPU.Build.0 = Debug|Any CPU
		{FDC027EE-2B18-4C7C-A097-9E87D375E118}.Release|Any CPU.ActiveCfg = Release|Any CPU
		{FDC027EE-2B18-4C7C-A097-9E87D375E118}.Release|Any CPU.Build.0 = Release|Any CPU
	EndGlobalSection
	GlobalSection(SolutionProperties) = preSolution
		HideSolutionNode = FALSE
	EndGlobalSection
	GlobalSection(NestedProjects) = preSolution
		{8730CC0F-9CAE-4D08-A6C9-DCAA87C51D37} = {3EB2A9C8-806D-4FB7-B606-A18A185ACE2B}
		{26F33F38-CE6B-4048-9EF2-60D4F285D544} = {3EB2A9C8-806D-4FB7-B606-A18A185ACE2B}
		{36045528-32D5-4E54-B2E9-1F8AA2ACC216} = {8730CC0F-9CAE-4D08-A6C9-DCAA87C51D37}
		{C676579A-EFC3-412D-B8F2-AB432CAC6138} = {26F33F38-CE6B-4048-9EF2-60D4F285D544}
		{EE04F997-6A7F-41FE-8DB7-ED0ACF4AF7AD} = {C676579A-EFC3-412D-B8F2-AB432CAC6138}
		{1353A3E4-4349-4E63-93B1-A5BF1CED1F37} = {3EB2A9C8-806D-4FB7-B606-A18A185ACE2B}
		{0979C4C4-CF1D-433D-B629-52A1477DF216} = {36045528-32D5-4E54-B2E9-1F8AA2ACC216}
		{252E8B08-4037-4E3B-8BBF-92D3D3A2756B} = {1353A3E4-4349-4E63-93B1-A5BF1CED1F37}
		{3A963D64-D57A-4EAE-B276-BFC4086FBE61} = {252E8B08-4037-4E3B-8BBF-92D3D3A2756B}
		{04734FA6-8447-4700-A3B1-C8BE8A483547} = {1353A3E4-4349-4E63-93B1-A5BF1CED1F37}
		{AA8CE5CF-98C5-4912-AC0C-1657DCA8558B} = {04734FA6-8447-4700-A3B1-C8BE8A483547}
		{896B6BF9-1CF3-48B0-8736-692EE76F3857} = {1353A3E4-4349-4E63-93B1-A5BF1CED1F37}
		{FDC027EE-2B18-4C7C-A097-9E87D375E118} = {896B6BF9-1CF3-48B0-8736-692EE76F3857}
	EndGlobalSection
	GlobalSection(ExtensibilityGlobals) = postSolution
		SolutionGuid = {D49C7175-2BD4-42DF-89E2-3115BFF89D54}
	EndGlobalSection
EndGlobal
